# generated by rye
# use `rye lock` or `rye sync` to update this lockfile
#
# last locked with the following flags:
#   pre: false
#   features: []
#   all-features: false
#   with-sources: false
#   generate-hashes: false
#   universal: false

-e file:.
absl-py==2.1.0
    # via chex
    # via optax
    # via orbax-checkpoint
aiohappyeyeballs==2.4.0
    # via aiohttp
aiohttp==3.10.5
    # via datasets
    # via fsspec
aiosignal==1.3.1
    # via aiohttp
annotated-types==0.7.0
    # via pydantic
antlr4-python3-runtime==4.9.3
    # via hydra-core
    # via omegaconf
asttokens==2.4.1
    # via stack-data
async-timeout==4.0.3
    # via aiohttp
attrs==24.2.0
    # via aiohttp
bcrypt==4.2.0
    # via paramiko
beautifulsoup4==4.12.3
    # via gdown
blessed==1.20.0
    # via milatools
certifi==2024.8.30
    # via requests
    # via sentry-sdk
cffi==1.17.0
    # via cryptography
    # via pynacl
charset-normalizer==3.3.2
    # via requests
chex==0.1.86
    # via optax
click==8.1.7
    # via wandb
cloudpickle==3.0.0
    # via submitit
colorlog==6.8.2
    # via hydra-colorlog
comm==0.2.2
    # via ipykernel
contourpy==1.3.0
    # via matplotlib
cryptography==43.0.1
    # via paramiko
cycler==0.12.1
    # via matplotlib
datasets==2.21.0
    # via evaluate
    # via research-project-template
debugpy==1.8.5
    # via ipykernel
decorator==5.1.1
    # via fabric
    # via ipython
deprecated==1.2.14
    # via fabric
dill==0.3.8
    # via datasets
    # via evaluate
    # via multiprocess
    # via research-project-template
docker-pycreds==0.4.0
    # via wandb
docstring-parser==0.16
    # via simple-parsing
etils==1.9.4
    # via optax
    # via orbax-checkpoint
evaluate==0.4.2
    # via research-project-template
exceptiongroup==1.2.2
    # via ipython
executing==2.1.0
    # via stack-data
fabric==3.2.2
    # via milatools
filelock==3.15.4
    # via datasets
    # via gdown
    # via huggingface-hub
    # via torch
    # via transformers
    # via triton
flax==0.8.5
    # via torch-jax-interop
fonttools==4.53.1
    # via matplotlib
frozenlist==1.4.1
    # via aiohttp
    # via aiosignal
fsspec==2024.6.1
    # via datasets
    # via etils
    # via evaluate
    # via huggingface-hub
    # via lightning
    # via pytorch-lightning
    # via torch
gdown==5.2.0
    # via research-project-template
gitdb==4.0.11
    # via gitpython
gitpython==3.1.43
    # via wandb
huggingface-hub==0.24.6
    # via datasets
    # via evaluate
    # via tokenizers
    # via transformers
humanize==4.10.0
    # via orbax-checkpoint
hydra-colorlog==1.2.0
    # via research-project-template
hydra-core==1.3.2
    # via hydra-colorlog
    # via hydra-submitit-launcher
    # via hydra-zen
    # via research-project-template
hydra-submitit-launcher==1.2.0
    # via research-project-template
hydra-zen==0.13.0
    # via research-project-template
idna==3.8
    # via requests
    # via yarl
importlib-resources==6.4.4
    # via etils
invoke==2.2.0
    # via fabric
ipykernel==6.29.5
    # via research-project-template
ipython==8.27.0
    # via ipykernel
jax==0.4.31
    # via chex
    # via flax
    # via optax
    # via orbax-checkpoint
    # via pytorch2jax
    # via research-project-template
    # via torch-jax-interop
jaxlib==0.4.31
    # via chex
    # via jax
    # via optax
    # via orbax-checkpoint
    # via pytorch2jax
jedi==0.19.1
    # via ipython
jinja2==3.1.4
    # via torch
joblib==1.4.2
    # via scikit-learn
jupyter-client==8.6.2
    # via ipykernel
jupyter-core==5.7.2
    # via ipykernel
    # via jupyter-client
kiwisolver==1.4.6
    # via matplotlib
lightning==2.4.0
    # via research-project-template
lightning-utilities==0.11.7
    # via lightning
    # via pytorch-lightning
    # via torchmetrics
markdown-it-py==3.0.0
    # via rich
markupsafe==2.1.5
    # via jinja2
matplotlib==3.9.2
    # via research-project-template
matplotlib-inline==0.1.7
    # via ipykernel
    # via ipython
mdurl==0.1.2
    # via markdown-it-py
milatools==0.1.5
    # via research-project-template
ml-dtypes==0.4.0
    # via jax
    # via jaxlib
    # via tensorstore
mpmath==1.3.0
    # via sympy
msgpack==1.0.8
    # via flax
    # via orbax-checkpoint
multidict==6.0.5
    # via aiohttp
    # via yarl
multiprocess==0.70.16
    # via datasets
    # via evaluate
nest-asyncio==1.6.0
    # via ipykernel
    # via orbax-checkpoint
networkx==3.3
    # via torch
numpy==2.1.1
    # via chex
    # via contourpy
    # via datasets
    # via evaluate
    # via flax
    # via jax
    # via jaxlib
    # via matplotlib
    # via ml-dtypes
    # via opt-einsum
    # via optax
    # via orbax-checkpoint
    # via pandas
    # via pyarrow
    # via scikit-learn
    # via scipy
    # via tensorstore
    # via torchmetrics
    # via torchvision
    # via transformers
nvidia-cublas-cu12==12.1.3.1
    # via nvidia-cudnn-cu12
    # via nvidia-cusolver-cu12
    # via torch
nvidia-cuda-cupti-cu12==12.1.105
    # via torch
nvidia-cuda-nvrtc-cu12==12.1.105
    # via torch
nvidia-cuda-runtime-cu12==12.1.105
    # via torch
nvidia-cudnn-cu12==9.1.0.70
    # via torch
nvidia-cufft-cu12==11.0.2.54
    # via torch
nvidia-curand-cu12==10.3.2.106
    # via torch
nvidia-cusolver-cu12==11.4.5.107
    # via torch
nvidia-cusparse-cu12==12.1.0.106
    # via nvidia-cusolver-cu12
    # via torch
nvidia-nccl-cu12==2.20.5
    # via torch
nvidia-nvjitlink-cu12==12.6.68
    # via nvidia-cusolver-cu12
    # via nvidia-cusparse-cu12
nvidia-nvtx-cu12==12.1.105
    # via torch
omegaconf==2.3.0
    # via hydra-core
    # via hydra-zen
opt-einsum==3.3.0
    # via jax
optax==0.2.3
    # via flax
orbax-checkpoint==0.6.1
    # via flax
packaging==24.1
    # via datasets
    # via evaluate
    # via huggingface-hub
    # via hydra-core
    # via ipykernel
    # via lightning
    # via lightning-utilities
    # via matplotlib
    # via pytorch-lightning
    # via torchmetrics
    # via transformers
pandas==2.2.2
    # via datasets
    # via evaluate
paramiko==3.4.1
    # via fabric
parso==0.8.4
    # via jedi
pexpect==4.9.0
    # via ipython
pillow==10.4.0
    # via matplotlib
    # via torchvision
platformdirs==4.2.2
    # via jupyter-core
    # via wandb
prompt-toolkit==3.0.47
    # via ipython
    # via questionary
protobuf==5.28.0
    # via orbax-checkpoint
    # via wandb
psutil==6.0.0
    # via ipykernel
    # via wandb
ptyprocess==0.7.0
    # via pexpect
pure-eval==0.2.3
    # via stack-data
pyarrow==17.0.0
    # via datasets
pycparser==2.22
    # via cffi
pydantic==2.8.2
    # via research-project-template
pydantic-core==2.20.1
    # via pydantic
pygments==2.18.0
    # via ipython
    # via rich
pynacl==1.5.0
    # via paramiko
pyparsing==3.1.4
    # via matplotlib
pysocks==1.7.1
    # via requests
python-dateutil==2.9.0.post0
    # via jupyter-client
    # via matplotlib
    # via pandas
pytorch-lightning==2.4.0
    # via lightning
pytorch2jax==0.1.0
    # via torch-jax-interop
pytz==2024.1
    # via pandas
pyyaml==6.0.2
    # via datasets
    # via flax
    # via huggingface-hub
    # via lightning
    # via omegaconf
    # via orbax-checkpoint
    # via pytorch-lightning
    # via transformers
    # via wandb
pyzmq==26.2.0
    # via ipykernel
    # via jupyter-client
questionary==1.10.0
    # via milatools
regex==2024.7.24
    # via transformers
requests==2.32.3
    # via datasets
    # via evaluate
    # via gdown
    # via huggingface-hub
    # via transformers
    # via wandb
rich==13.8.0
    # via flax
    # via milatools
    # via research-project-template
safetensors==0.4.4
    # via transformers
scikit-learn==1.5.1
    # via research-project-template
scipy==1.14.1
    # via jax
    # via jaxlib
    # via scikit-learn
sentry-sdk==2.13.0
    # via wandb
setproctitle==1.3.3
    # via wandb
simple-parsing==0.1.5
    # via research-project-template
six==1.16.0
    # via asttokens
    # via blessed
    # via docker-pycreds
    # via python-dateutil
smmap==5.0.1
    # via gitdb
soupsieve==2.6
    # via beautifulsoup4
sshconf==0.2.7
    # via milatools
stack-data==0.6.3
    # via ipython
submitit==1.5.1
    # via hydra-submitit-launcher
sympy==1.13.2
    # via torch
tensorstore==0.1.64
    # via flax
    # via orbax-checkpoint
threadpoolctl==3.5.0
    # via scikit-learn
tokenizers==0.19.1
    # via transformers
toolz==0.12.1
    # via chex
torch==2.4.0
    # via lightning
    # via pytorch-lightning
    # via pytorch2jax
    # via research-project-template
    # via torch-jax-interop
    # via torchmetrics
    # via torchvision
torch-jax-interop==0.0.7
    # via research-project-template
torchmetrics==1.4.1
    # via lightning
    # via pytorch-lightning
torchvision==0.19.0
    # via research-project-template
tornado==6.4.1
    # via ipykernel
    # via jupyter-client
tqdm==4.66.5
    # via datasets
    # via evaluate
    # via gdown
    # via huggingface-hub
    # via lightning
    # via milatools
    # via pytorch-lightning
    # via research-project-template
    # via transformers
traitlets==5.14.3
    # via comm
    # via ipykernel
    # via ipython
    # via jupyter-client
    # via jupyter-core
    # via matplotlib-inline
transformers==4.44.2
    # via research-project-template
triton==3.0.0
    # via torch
typing-extensions==4.12.2
    # via chex
    # via etils
    # via flax
    # via huggingface-hub
    # via hydra-zen
    # via ipython
    # via lightning
    # via lightning-utilities
    # via milatools
    # via orbax-checkpoint
    # via pydantic
    # via pydantic-core
    # via pytorch-lightning
    # via simple-parsing
    # via submitit
    # via torch
tzdata==2024.1
    # via pandas
urllib3==2.2.2
    # via requests
    # via sentry-sdk
wandb==0.17.8
    # via research-project-template
wcwidth==0.2.13
    # via blessed
    # via prompt-toolkit
wrapt==1.16.0
    # via deprecated
xxhash==3.5.0
    # via datasets
    # via evaluate
yarl==1.9.7
    # via aiohttp
zipp==3.20.1
    # via etils
setuptools==74.1.1
    # via lightning-utilities
    # via wandb
