# generated by rye
# use `rye lock` or `rye sync` to update this lockfile
#
# last locked with the following flags:
#   pre: false
#   features: []
#   all-features: false
#   with-sources: false
#   generate-hashes: false
#   universal: false

-e file:.
absl-py==2.1.0
    # via brax
    # via chex
    # via distrax
    # via dm-env
    # via ml-collections
    # via mujoco
    # via mujoco-mjx
    # via optax
    # via orbax-checkpoint
    # via tensorflow-probability
aiohappyeyeballs==2.4.3
    # via aiohttp
aiohttp==3.10.10
    # via datasets
    # via fsspec
aiosignal==1.3.1
    # via aiohttp
annotated-types==0.7.0
    # via pydantic
antlr4-python3-runtime==4.9.3
    # via hydra-core
    # via omegaconf
appdirs==1.4.4
    # via orion
async-timeout==4.0.3
    # via aiohttp
attrs==24.2.0
    # via aiohttp
bcrypt==4.2.0
    # via paramiko
beautifulsoup4==4.12.3
    # via gdown
blessed==1.20.0
    # via milatools
blinker==1.8.2
    # via flask
brax==0.11.0
    # via rejax
certifi==2024.8.30
    # via requests
    # via sentry-sdk
cffi==1.17.1
    # via cryptography
    # via pynacl
cfgv==3.4.0
    # via pre-commit
charset-normalizer==3.4.0
    # via requests
chex==0.1.87
    # via distrax
    # via evosax
    # via gymnax
    # via optax
click==8.1.7
    # via flask
    # via wandb
cloudpickle==3.1.0
    # via gym
    # via gymnasium
    # via orion
    # via submitit
    # via tensorflow-probability
colorlog==6.8.2
    # via hydra-colorlog
contextlib2==21.6.0
    # via ml-collections
contourpy==1.3.0
    # via matplotlib
coverage==7.6.3
    # via pytest-cov
    # via pytest-testmon
cryptography==43.0.1
    # via paramiko
cycler==0.12.1
    # via matplotlib
datasets==3.0.1
    # via evaluate
    # via research-project-template
decorator==5.1.1
    # via fabric
    # via tensorflow-probability
deprecated==1.2.14
    # via fabric
dill==0.3.8
    # via datasets
    # via evaluate
    # via multiprocess
distlib==0.3.9
    # via virtualenv
distrax==0.1.5
    # via rejax
dm-env==1.6
    # via brax
dm-tree==0.1.8
    # via dm-env
    # via tensorflow-probability
dnspython==2.7.0
    # via pymongo
docker-pycreds==0.4.0
    # via wandb
docstring-parser==0.16
    # via simple-parsing
dotmap==1.3.30
    # via evosax
etils==1.10.0
    # via brax
    # via mujoco
    # via mujoco-mjx
    # via optax
    # via orbax-checkpoint
evaluate==0.4.3
    # via research-project-template
evosax==0.1.6
    # via rejax
exceptiongroup==1.2.2
    # via pytest
execnet==2.1.1
    # via pytest-xdist
fabric==3.2.2
    # via milatools
falcon==3.1.3
    # via falcon-cors
    # via orion
falcon-cors==1.1.7
    # via orion
farama-notifications==0.0.4
    # via gymnasium
filelock==3.16.1
    # via datasets
    # via gdown
    # via huggingface-hub
    # via orion
    # via torch
    # via transformers
    # via virtualenv
flask==3.0.3
    # via brax
    # via flask-cors
flask-cors==5.0.0
    # via brax
flax==0.8.5
    # via brax
    # via evosax
    # via gymnax
    # via rejax
    # via torch-jax-interop
fonttools==4.54.1
    # via matplotlib
frozenlist==1.4.1
    # via aiohttp
    # via aiosignal
fsspec==2024.6.1
    # via datasets
    # via etils
    # via evaluate
    # via huggingface-hub
    # via lightning
    # via pytorch-lightning
    # via torch
gast==0.6.0
    # via tensorflow-probability
gdown==5.2.0
    # via research-project-template
gitdb==4.0.11
    # via gitpython
gitpython==3.1.43
    # via orion
    # via wandb
glfw==2.7.0
    # via mujoco
grpcio==1.67.0
    # via brax
gunicorn==23.0.0
    # via orion
gym==0.26.2
    # via brax
    # via gymnax
gym-notices==0.0.8
    # via gym
gymnasium==1.0.0
    # via gymnax
    # via research-project-template
gymnax @ git+https://www.github.com/lebrice/gymnax@1d4a4b45cfa291de896cd7005fe624420dc6106c
    # via rejax
    # via research-project-template
huggingface-hub==0.26.0
    # via datasets
    # via evaluate
    # via tokenizers
    # via transformers
humanize==4.11.0
    # via orbax-checkpoint
hydra-colorlog==1.2.0
    # via research-project-template
hydra-core==1.3.2
    # via hydra-colorlog
    # via hydra-orion-sweeper
    # via hydra-submitit-launcher
    # via hydra-zen
    # via research-project-template
hydra-orion-sweeper==1.6.4
    # via research-project-template
hydra-submitit-launcher==1.2.0
    # via research-project-template
hydra-zen==0.13.0
    # via research-project-template
identify==2.6.1
    # via pre-commit
idna==3.10
    # via requests
    # via yarl
importlib-resources==6.4.5
    # via etils
iniconfig==2.0.0
    # via pytest
invoke==2.2.0
    # via fabric
itsdangerous==2.2.0
    # via flask
jax==0.4.33
    # via brax
    # via chex
    # via distrax
    # via evosax
    # via flax
    # via gymnax
    # via jaxopt
    # via mujoco-mjx
    # via optax
    # via orbax-checkpoint
    # via pytorch2jax
    # via research-project-template
    # via torch-jax-interop
    # via xtils
jaxlib==0.4.33
    # via brax
    # via chex
    # via distrax
    # via evosax
    # via gymnax
    # via jax
    # via jaxopt
    # via mujoco-mjx
    # via optax
    # via orbax-checkpoint
    # via pytorch2jax
    # via research-project-template
jaxopt==0.8.3
    # via brax
jinja2==3.1.4
    # via brax
    # via flask
    # via torch
joblib==1.4.2
    # via orion
    # via scikit-learn
    # via scikit-optimize
kaleido==0.2.1
    # via orion
    # via research-project-template
kiwisolver==1.4.7
    # via matplotlib
lightning==2.4.0
    # via research-project-template
lightning-utilities==0.11.8
    # via lightning
    # via pytorch-lightning
    # via torchmetrics
markdown-it-py==3.0.0
    # via rich
markupsafe==3.0.2
    # via jinja2
    # via werkzeug
matplotlib==3.9.2
    # via evosax
    # via gymnax
    # via research-project-template
    # via seaborn
mdurl==0.1.2
    # via markdown-it-py
milatools==0.1.5
    # via remote-slurm-executor
mktestdocs==0.2.3
ml-collections==0.1.1
    # via brax
ml-dtypes==0.5.0
    # via jax
    # via jaxlib
    # via tensorstore
mpmath==1.3.0
    # via sympy
msgpack==1.1.0
    # via flax
    # via orbax-checkpoint
mujoco==3.2.4
    # via brax
    # via mujoco-mjx
mujoco-mjx==3.2.4
    # via brax
multidict==6.1.0
    # via aiohttp
    # via yarl
multiprocess==0.70.16
    # via datasets
    # via evaluate
nest-asyncio==1.6.0
    # via orbax-checkpoint
networkx==3.4.1
    # via torch
nodeenv==1.9.1
    # via pre-commit
numpy==1.26.4
    # via brax
    # via chex
    # via contourpy
    # via datasets
    # via distrax
    # via dm-env
    # via evaluate
    # via evosax
    # via flax
    # via gym
    # via gymnasium
    # via jax
    # via jaxlib
    # via jaxopt
    # via matplotlib
    # via ml-dtypes
    # via mujoco
    # via optax
    # via orbax-checkpoint
    # via orion
    # via pandas
    # via pyarrow
    # via rejax
    # via scikit-learn
    # via scikit-optimize
    # via scipy
    # via seaborn
    # via tensor-regression
    # via tensorboardx
    # via tensorflow-probability
    # via tensorstore
    # via torchmetrics
    # via torchvision
    # via transformers
    # via trimesh
omegaconf==2.3.0
    # via hydra-core
    # via hydra-orion-sweeper
    # via hydra-zen
opt-einsum==3.4.0
    # via jax
optax==0.2.3
    # via brax
    # via flax
    # via rejax
orbax-checkpoint==0.6.4
    # via brax
    # via flax
orion==0.2.7
    # via hydra-orion-sweeper
packaging==24.1
    # via datasets
    # via evaluate
    # via gunicorn
    # via huggingface-hub
    # via hydra-core
    # via lightning
    # via lightning-utilities
    # via matplotlib
    # via plotly
    # via pytest
    # via pytorch-lightning
    # via scikit-optimize
    # via tensorboardx
    # via torchmetrics
    # via transformers
pandas==2.2.3
    # via datasets
    # via evaluate
    # via orion
    # via seaborn
paramiko==3.5.0
    # via fabric
pillow==11.0.0
    # via brax
    # via matplotlib
    # via torchvision
platformdirs==4.3.6
    # via virtualenv
    # via wandb
plotly==5.24.1
    # via orion
pluggy==1.5.0
    # via pytest
pre-commit==4.0.1
prompt-toolkit==3.0.48
    # via questionary
propcache==0.2.0
    # via yarl
protobuf==5.28.2
    # via orbax-checkpoint
    # via tensorboardx
    # via wandb
psutil==6.1.0
    # via orion
    # via wandb
py-cpuinfo==9.0.0
    # via pytest-benchmark
pyaml==24.9.0
    # via scikit-optimize
pyarrow==17.0.0
    # via datasets
pycparser==2.22
    # via cffi
pydantic==2.9.2
    # via research-project-template
pydantic-core==2.23.4
    # via pydantic
pygame==2.6.1
    # via gymnasium
pygments==2.18.0
    # via rich
pymongo==4.10.1
    # via orion
pynacl==1.5.0
    # via paramiko
pyopengl==3.1.7
    # via mujoco
pyparsing==3.2.0
    # via matplotlib
pysocks==1.7.1
    # via requests
pytest==8.3.3
    # via orion
    # via pytest-benchmark
    # via pytest-cov
    # via pytest-datadir
    # via pytest-env
    # via pytest-regressions
    # via pytest-skip-slow
    # via pytest-testmon
    # via pytest-timeout
    # via pytest-xdist
pytest-benchmark==4.0.0
pytest-cov==5.0.0
pytest-datadir==1.5.0
    # via pytest-regressions
pytest-env==1.1.5
pytest-regressions==2.5.0
    # via tensor-regression
pytest-skip-slow==0.0.5
pytest-testmon==2.1.1
pytest-timeout==2.3.1
pytest-xdist==3.6.1
python-dateutil==2.9.0.post0
    # via matplotlib
    # via pandas
pytinyrenderer==0.0.14
    # via brax
pytorch-lightning==2.4.0
    # via lightning
pytorch2jax==0.1.0
    # via torch-jax-interop
pytz==2024.2
    # via pandas
pyyaml==6.0.2
    # via datasets
    # via evosax
    # via flax
    # via gymnax
    # via huggingface-hub
    # via lightning
    # via ml-collections
    # via omegaconf
    # via orbax-checkpoint
    # via orion
    # via pre-commit
    # via pyaml
    # via pytest-regressions
    # via pytorch-lightning
    # via rejax
    # via transformers
    # via wandb
questionary==1.10.0
    # via milatools
regex==2024.9.11
    # via transformers
rejax==0.1.0
    # via research-project-template
remote-slurm-executor @ git+https://github.com/lebrice/remote-slurm-executor@02f21bc3b623e719118c6ff6d04d16449275276c
    # via research-project-template
requests==2.32.3
    # via datasets
    # via evaluate
    # via gdown
    # via huggingface-hub
    # via orion
    # via transformers
    # via wandb
rich==13.9.2
    # via flax
    # via milatools
    # via research-project-template
ruff==0.7.0
safetensors==0.4.5
    # via transformers
scikit-learn==1.5.2
    # via orion
    # via research-project-template
    # via scikit-optimize
scikit-optimize==0.10.2
    # via orion
scipy==1.14.1
    # via brax
    # via jax
    # via jaxlib
    # via jaxopt
    # via mujoco-mjx
    # via orion
    # via scikit-learn
    # via scikit-optimize
seaborn==0.13.2
    # via gymnax
sentry-sdk==2.17.0
    # via wandb
setproctitle==1.3.3
    # via wandb
setuptools==75.2.0
    # via lightning-utilities
    # via remote-slurm-executor
    # via wandb
simple-parsing==0.1.6
    # via research-project-template
six==1.16.0
    # via blessed
    # via docker-pycreds
    # via ml-collections
    # via python-dateutil
    # via tensorflow-probability
smmap==5.0.1
    # via gitdb
soupsieve==2.6
    # via beautifulsoup4
sshconf==0.2.7
    # via milatools
submitit==1.5.2
    # via hydra-submitit-launcher
    # via remote-slurm-executor
sympy==1.13.3
    # via torch
tabulate==0.9.0
    # via orion
tenacity==9.0.0
    # via plotly
tensor-regression==0.0.8
tensorboardx==2.6.2.2
    # via brax
tensorflow-probability==0.24.0
    # via distrax
tensorstore==0.1.66
    # via flax
    # via orbax-checkpoint
threadpoolctl==3.5.0
    # via scikit-learn
tokenizers==0.20.1
    # via transformers
tomli==2.0.2
    # via coverage
    # via pytest
    # via pytest-env
toolz==1.0.0
    # via chex
torch==2.4.1
    # via lightning
    # via pytorch-lightning
    # via pytorch2jax
    # via research-project-template
    # via tensor-regression
    # via torch-jax-interop
    # via torchmetrics
    # via torchvision
torch-jax-interop==0.0.7
    # via research-project-template
torchmetrics==1.4.3
    # via lightning
    # via pytorch-lightning
torchvision==0.19.1
    # via research-project-template
tqdm==4.66.5
    # via datasets
    # via evaluate
    # via gdown
    # via huggingface-hub
    # via lightning
    # via milatools
    # via pytorch-lightning
    # via research-project-template
    # via transformers
transformers==4.45.2
    # via research-project-template
trimesh==4.5.0
    # via brax
    # via mujoco-mjx
typing-extensions==4.12.2
    # via brax
    # via chex
    # via etils
    # via flax
    # via gymnasium
    # via huggingface-hub
    # via hydra-orion-sweeper
    # via hydra-zen
    # via lightning
    # via lightning-utilities
    # via milatools
    # via multidict
    # via orbax-checkpoint
    # via pydantic
    # via pydantic-core
    # via pytorch-lightning
    # via rich
    # via simple-parsing
    # via submitit
    # via torch
    # via wandb
tzdata==2024.2
    # via pandas
urllib3==2.2.3
    # via requests
    # via sentry-sdk
virtualenv==20.27.0
    # via pre-commit
wandb==0.18.5
    # via research-project-template
wcwidth==0.2.13
    # via blessed
    # via prompt-toolkit
werkzeug==3.0.4
    # via flask
wrapt==1.16.0
    # via deprecated
xtils @ git+https://github.com/jessefarebro/xtils@cf368978cadb9ea5d5befc73a25b5ef004ac0fa7
    # via research-project-template
xxhash==3.5.0
    # via datasets
    # via evaluate
yarl==1.15.4
    # via aiohttp
zipp==3.20.2
    # via etils
